
Microsoft Visual Studio Solution File, Format Version 12.00
# Visual Studio 2013
VisualStudioVersion = 12.0.40629.0
MinimumVisualStudioVersion = 10.0.40219.1
Project("{FAE04EC0-301F-11D3-BF4B-00C04F79EFBC}") = "CodeGen", "CodeGen\CodeGen.csproj", "{DAF899D6-8982-4C02-BF52-C2F81A3CA2DD}"
EndProject
Project("{FAE04EC0-301F-11D3-BF4B-00C04F79EFBC}") = "CodeGen.UI", "CodeGen.UI\CodeGen.UI.csproj", "{CB943AD7-8453-4871-AF2B-AB73EEE1C5CC}"
EndProject
Global
	GlobalSection(SolutionConfigurationPlatforms) = preSolution
		Debug|Any CPU = Debug|Any CPU
		Release|Any CPU = Release|Any CPU
	EndGlobalSection
	GlobalSection(ProjectConfigurationPlatforms) = postSolution
		{DAF899D6-8982-4C02-BF52-C2F81A3CA2DD}.Debug|Any CPU.ActiveCfg = Debug|Any CPU
		{DAF899D6-8982-4C02-BF52-C2F81A3CA2DD}.Debug|Any CPU.Build.0 = Debug|Any CPU
		{DAF899D6-8982-4C02-BF52-C2F81A3CA2DD}.Release|Any CPU.ActiveCfg = Release|Any CPU
		{DAF899D6-8982-4C02-BF52-C2F81A3CA2DD}.Release|Any CPU.Build.0 = Release|Any CPU
		{CB943AD7-8453-4871-AF2B-AB73EEE1C5CC}.Debug|Any CPU.ActiveCfg = Debug|Any CPU
		{CB943AD7-8453-4871-AF2B-AB73EEE1C5CC}.Debug|Any CPU.Build.0 = Debug|Any CPU
		{CB943AD7-8453-4871-AF2B-AB73EEE1C5CC}.Release|Any CPU.ActiveCfg = Release|Any CPU
		{CB943AD7-8453-4871-AF2B-AB73EEE1C5CC}.Release|Any CPU.Build.0 = Release|Any CPU
	EndGlobalSection
	GlobalSection(SolutionProperties) = preSolution
		HideSolutionNode = FALSE
	EndGlobalSection
EndGlobal
